<Solution>
  <Folder Name="/src/">
    <Project Path="src/HotkeyAI.Agent/HotkeyAI.Agent.csproj" />
    <Project Path="src/HotkeyAI.Cli/HotkeyAI.Cli.csproj" />
    <Project Path="src/HotkeyAI.Core/HotkeyAI.Core.csproj" />
    <Project Path="src/HotkeyAI.Engine/HotkeyAI.Engine.csproj" />
    <Project Path="src/HotkeyAI.Windows/HotkeyAI.Windows.csproj" />
    <Project Path="src/HotkeyAI.Ui/HotkeyAI.Ui.csproj" />
  </Folder>
  <Folder Name="/tests/">
    <Project Path="tests/HotkeyAI.Core.Tests/HotkeyAI.Core.Tests.csproj" />
    <Project Path="tests/HotkeyAI.Engine.Tests/HotkeyAI.Engine.Tests.csproj" />
    <Project Path="tests/HotkeyAI.Windows.Tests/HotkeyAI.Windows.Tests.csproj" />
  </Folder>
</Solution>
